PODS:
  - AFNetworking (3.2.1):
    - AFNetworking/NSURLSession (= 3.2.1)
    - AFNetworking/Reachability (= 3.2.1)
    - AFNetworking/Security (= 3.2.1)
    - AFNetworking/Serialization (= 3.2.1)
    - AFNetworking/UIKit (= 3.2.1)
  - AFNetworking/NSURLSession (3.2.1):
    - AFNetworking/Reachability
    - AFNetworking/Security
    - AFNetworking/Serialization
  - AFNetworking/Reachability (3.2.1)
  - AFNetworking/Security (3.2.1)
  - AFNetworking/Serialization (3.2.1)
  - AFNetworking/UIKit (3.2.1):
    - AFNetworking/NSURLSession
  - LCBase (0.1.0):
    - AFNetworking
    - Masonry
  - LCMe (0.1.0):
    - AFNetworking
    - LCMediator
    - Masonry
  - LCMediator (0.1.0):
    - AFNetworking
    - Masonry
  - Masonry (1.1.0)

DEPENDENCIES:
  - AFNetworking
  - LCBase (from `../../LCBase`)
  - LCMe (from `../`)
  - LCMediator (from `../../LCMediator`)
  - Masonry

SPEC REPOS:
  https://github.com/CocoaPods/Specs.git:
    - AFNetworking
    - Masonry

EXTERNAL SOURCES:
  LCBase:
    :path: "../../LCBase"
  LCMe:
    :path: "../"
  LCMediator:
    :path: "../../LCMediator"

SPEC CHECKSUMS:
  AFNetworking: b6f891fdfaed196b46c7a83cf209e09697b94057
  LCBase: 5a7fb5b662b054598aac7963542a5513d5faf40e
  LCMe: 3be6894b66030f9d1d1bdb074875e97c8f49421f
  LCMediator: 0eb0e3b8e50fdb4eb94af1a4e41ddf0034425b45
  Masonry: 678fab65091a9290e40e2832a55e7ab731aad201

PODFILE CHECKSUM: 49e06de5e8c155c609e78b23433eb7ef76a7b8d9

COCOAPODS: 1.5.0
