// !$*UTF8*$!
{
	archiveVersion = 1;
	classes = {
	};
	objectVersion = 48;
	objects = {

/* Begin PBXBuildFile section */
		8DCCE1D720EF4A7D002EA6AE /* AppDelegate.m in Sources */ = {isa = PBXBuildFile; fileRef = 8DCCE1D620EF4A7D002EA6AE /* AppDelegate.m */; };
		8DCCE1DA20EF4A7D002EA6AE /* ViewController.m in Sources */ = {isa = PBXBuildFile; fileRef = 8DCCE1D920EF4A7D002EA6AE /* ViewController.m */; };
		8DCCE1DD20EF4A7D002EA6AE /* Main.storyboard in Resources */ = {isa = PBXBuildFile; fileRef = 8DCCE1DB20EF4A7D002EA6AE /* Main.storyboard */; };
		8DCCE1DF20EF4A7D002EA6AE /* Assets.xcassets in Resources */ = {isa = PBXBuildFile; fileRef = 8DCCE1DE20EF4A7D002EA6AE /* Assets.xcassets */; };
		8DCCE1E220EF4A7D002EA6AE /* LaunchScreen.storyboard in Resources */ = {isa = PBXBuildFile; fileRef = 8DCCE1E020EF4A7D002EA6AE /* LaunchScreen.storyboard */; };
		8DCCE1E520EF4A7D002EA6AE /* main.m in Sources */ = {isa = PBXBuildFile; fileRef = 8DCCE1E420EF4A7D002EA6AE /* main.m */; };
		F0CDDED1BD276D84D30623D3 /* Pods_LCChat.framework in Frameworks */ = {isa = PBXBuildFile; fileRef = DC76253C8E07064AA4E8E283 /* Pods_LCChat.framework */; };
/* End PBXBuildFile section */

/* Begin PBXFileReference section */
		222E7765F6779176B9126516 /* Pods-LCChat.release.xcconfig */ = {isa = PBXFileReference; includeInIndex = 1; lastKnownFileType = text.xcconfig; name = "Pods-LCChat.release.xcconfig"; path = "Pods/Target Support Files/Pods-LCChat/Pods-LCChat.release.xcconfig"; sourceTree = "<group>"; };
		2C455441999205C5C0EF691A /* Pods-LCChat.debug.xcconfig */ = {isa = PBXFileReference; includeInIndex = 1; lastKnownFileType = text.xcconfig; name = "Pods-LCChat.debug.xcconfig"; path = "Pods/Target Support Files/Pods-LCChat/Pods-LCChat.debug.xcconfig"; sourceTree = "<group>"; };
		8DCCE1D220EF4A7D002EA6AE /* LCChat.app */ = {isa = PBXFileReference; explicitFileType = wrapper.application; includeInIndex = 0; path = LCChat.app; sourceTree = BUILT_PRODUCTS_DIR; };
		8DCCE1D520EF4A7D002EA6AE /* AppDelegate.h */ = {isa = PBXFileReference; lastKnownFileType = sourcecode.c.h; path = AppDelegate.h; sourceTree = "<group>"; };
		8DCCE1D620EF4A7D002EA6AE /* AppDelegate.m */ = {isa = PBXFileReference; lastKnownFileType = sourcecode.c.objc; path = AppDelegate.m; sourceTree = "<group>"; };
		8DCCE1D820EF4A7D002EA6AE /* ViewController.h */ = {isa = PBXFileReference; lastKnownFileType = sourcecode.c.h; path = ViewController.h; sourceTree = "<group>"; };
		8DCCE1D920EF4A7D002EA6AE /* ViewController.m */ = {isa = PBXFileReference; lastKnownFileType = sourcecode.c.objc; path = ViewController.m; sourceTree = "<group>"; };
		8DCCE1DC20EF4A7D002EA6AE /* Base */ = {isa = PBXFileReference; lastKnownFileType = file.storyboard; name = Base; path = Base.lproj/Main.storyboard; sourceTree = "<group>"; };
		8DCCE1DE20EF4A7D002EA6AE /* Assets.xcassets */ = {isa = PBXFileReference; lastKnownFileType = folder.assetcatalog; path = Assets.xcassets; sourceTree = "<group>"; };
		8DCCE1E120EF4A7D002EA6AE /* Base */ = {isa = PBXFileReference; lastKnownFileType = file.storyboard; name = Base; path = Base.lproj/LaunchScreen.storyboard; sourceTree = "<group>"; };
		8DCCE1E320EF4A7D002EA6AE /* Info.plist */ = {isa = PBXFileReference; lastKnownFileType = text.plist.xml; path = Info.plist; sourceTree = "<group>"; };
		8DCCE1E420EF4A7D002EA6AE /* main.m */ = {isa = PBXFileReference; lastKnownFileType = sourcecode.c.objc; path = main.m; sourceTree = "<group>"; };
		DC76253C8E07064AA4E8E283 /* Pods_LCChat.framework */ = {isa = PBXFileReference; explicitFileType = wrapper.framework; includeInIndex = 0; path = Pods_LCChat.framework; sourceTree = BUILT_PRODUCTS_DIR; };
/* End PBXFileReference section */

/* Begin PBXFrameworksBuildPhase section */
		8DCCE1CF20EF4A7D002EA6AE /* Frameworks */ = {
			isa = PBXFrameworksBuildPhase;
			buildActionMask = 2147483647;
			files = (
				F0CDDED1BD276D84D30623D3 /* Pods_LCChat.framework in Frameworks */,
			);
			runOnlyForDeploymentPostprocessing = 0;
		};
/* End PBXFrameworksBuildPhase section */

/* Begin PBXGroup section */
		58A4E8016FB49BB46D2E24EE /* Frameworks */ = {
			isa = PBXGroup;
			children = (
				DC76253C8E07064AA4E8E283 /* Pods_LCChat.framework */,
			);
			name = Frameworks;
			sourceTree = "<group>";
		};
		8DCCE1C920EF4A7D002EA6AE = {
			isa = PBXGroup;
			children = (
				8DCCE1D420EF4A7D002EA6AE /* LCChat */,
				8DCCE1D320EF4A7D002EA6AE /* Products */,
				BE789D696325A0D7ED7FB909 /* Pods */,
				58A4E8016FB49BB46D2E24EE /* Frameworks */,
			);
			sourceTree = "<group>";
		};
		8DCCE1D320EF4A7D002EA6AE /* Products */ = {
			isa = PBXGroup;
			children = (
				8DCCE1D220EF4A7D002EA6AE /* LCChat.app */,
			);
			name = Products;
			sourceTree = "<group>";
		};
		8DCCE1D420EF4A7D002EA6AE /* LCChat */ = {
			isa = PBXGroup;
			children = (
				8DCCE1D520EF4A7D002EA6AE /* AppDelegate.h */,
				8DCCE1D620EF4A7D002EA6AE /* AppDelegate.m */,
				8DCCE1D820EF4A7D002EA6AE /* ViewController.h */,
				8DCCE1D920EF4A7D002EA6AE /* ViewController.m */,
				8DCCE1DB20EF4A7D002EA6AE /* Main.storyboard */,
				8DCCE1DE20EF4A7D002EA6AE /* Assets.xcassets */,
				8DCCE1E020EF4A7D002EA6AE /* LaunchScreen.storyboard */,
				8DCCE1E320EF4A7D002EA6AE /* Info.plist */,
				8DCCE1E420EF4A7D002EA6AE /* main.m */,
			);
			path = LCChat;
			sourceTree = "<group>";
		};
		BE789D696325A0D7ED7FB909 /* Pods */ = {
			isa = PBXGroup;
			children = (
				2C455441999205C5C0EF691A /* Pods-LCChat.debug.xcconfig */,
				222E7765F6779176B9126516 /* Pods-LCChat.release.xcconfig */,
			);
			name = Pods;
			sourceTree = "<group>";
		};
/* End PBXGroup section */

/* Begin PBXNativeTarget section */
		8DCCE1D120EF4A7D002EA6AE /* LCChat */ = {
			isa = PBXNativeTarget;
			buildConfigurationList = 8DCCE1E820EF4A7D002EA6AE /* Build configuration list for PBXNativeTarget "LCChat" */;
			buildPhases = (
				4DB56F7132336803DF5DEFF8 /* [CP] Check Pods Manifest.lock */,
				8DCCE1CE20EF4A7D002EA6AE /* Sources */,
				8DCCE1CF20EF4A7D002EA6AE /* Frameworks */,
				8DCCE1D020EF4A7D002EA6AE /* Resources */,
				A6ED8682010E13F40B145D1D /* [CP] Embed Pods Frameworks */,
				303C50EB34CF4C5A78F6A11F /* [CP] Copy Pods Resources */,
			);
			buildRules = (
			);
			dependencies = (
			);
			name = LCChat;
			productName = LCChat;
			productReference = 8DCCE1D220EF4A7D002EA6AE /* LCChat.app */;
			productType = "com.apple.product-type.application";
		};
/* End PBXNativeTarget section */

/* Begin PBXProject section */
		8DCCE1CA20EF4A7D002EA6AE /* Project object */ = {
			isa = PBXProject;
			attributes = {
				LastUpgradeCheck = 0920;
				ORGANIZATIONNAME = MengLingChao;
				TargetAttributes = {
					8DCCE1D120EF4A7D002EA6AE = {
						CreatedOnToolsVersion = 9.2;
						ProvisioningStyle = Automatic;
					};
				};
			};
			buildConfigurationList = 8DCCE1CD20EF4A7D002EA6AE /* Build configuration list for PBXProject "LCChat" */;
			compatibilityVersion = "Xcode 8.0";
			developmentRegion = en;
			hasScannedForEncodings = 0;
			knownRegions = (
				en,
				Base,
			);
			mainGroup = 8DCCE1C920EF4A7D002EA6AE;
			productRefGroup = 8DCCE1D320EF4A7D002EA6AE /* Products */;
			projectDirPath = "";
			projectRoot = "";
			targets = (
				8DCCE1D120EF4A7D002EA6AE /* LCChat */,
			);
		};
/* End PBXProject section */

/* Begin PBXResourcesBuildPhase section */
		8DCCE1D020EF4A7D002EA6AE /* Resources */ = {
			isa = PBXResourcesBuildPhase;
			buildActionMask = 2147483647;
			files = (
				8DCCE1E220EF4A7D002EA6AE /* LaunchScreen.storyboard in Resources */,
				8DCCE1DF20EF4A7D002EA6AE /* Assets.xcassets in Resources */,
				8DCCE1DD20EF4A7D002EA6AE /* Main.storyboard in Resources */,
			);
			runOnlyForDeploymentPostprocessing = 0;
		};
/* End PBXResourcesBuildPhase section */

/* Begin PBXShellScriptBuildPhase section */
		303C50EB34CF4C5A78F6A11F /* [CP] Copy Pods Resources */ = {
			isa = PBXShellScriptBuildPhase;
			buildActionMask = 2147483647;
			files = (
			);
			inputPaths = (
				"${SRCROOT}/Pods/Target Support Files/Pods-LCChat/Pods-LCChat-resources.sh",
				"${PODS_CONFIGURATION_BUILD_DIR}/LCBase/LCBase.bundle",
				"${PODS_CONFIGURATION_BUILD_DIR}/LCChat/LCChat.bundle",
				"${PODS_CONFIGURATION_BUILD_DIR}/LCMediator/LCMediator.bundle",
			);
			name = "[CP] Copy Pods Resources";
			outputPaths = (
				"${TARGET_BUILD_DIR}/${UNLOCALIZED_RESOURCES_FOLDER_PATH}/LCBase.bundle",
				"${TARGET_BUILD_DIR}/${UNLOCALIZED_RESOURCES_FOLDER_PATH}/LCChat.bundle",
				"${TARGET_BUILD_DIR}/${UNLOCALIZED_RESOURCES_FOLDER_PATH}/LCMediator.bundle",
			);
			runOnlyForDeploymentPostprocessing = 0;
			shellPath = /bin/sh;
			shellScript = "\"${SRCROOT}/Pods/Target Support Files/Pods-LCChat/Pods-LCChat-resources.sh\"\n";
			showEnvVarsInLog = 0;
		};
		4DB56F7132336803DF5DEFF8 /* [CP] Check Pods Manifest.lock */ = {
			isa = PBXShellScriptBuildPhase;
			buildActionMask = 2147483647;
			files = (
			);
			inputPaths = (
				"${PODS_PODFILE_DIR_PATH}/Podfile.lock",
				"${PODS_ROOT}/Manifest.lock",
			);
			name = "[CP] Check Pods Manifest.lock";
			outputPaths = (
				"$(DERIVED_FILE_DIR)/Pods-LCChat-checkManifestLockResult.txt",
			);
			runOnlyForDeploymentPostprocessing = 0;
			shellPath = /bin/sh;
			shellScript = "diff \"${PODS_PODFILE_DIR_PATH}/Podfile.lock\" \"${PODS_ROOT}/Manifest.lock\" > /dev/null\nif [ $? != 0 ] ; then\n    # print error to STDERR\n    echo \"error: The sandbox is not in sync with the Podfile.lock. Run 'pod install' or update your CocoaPods installation.\" >&2\n    exit 1\nfi\n# This output is used by Xcode 'outputs' to avoid re-running this script phase.\necho \"SUCCESS\" > \"${SCRIPT_OUTPUT_FILE_0}\"\n";
			showEnvVarsInLog = 0;
		};
		A6ED8682010E13F40B145D1D /* [CP] Embed Pods Frameworks */ = {
			isa = PBXShellScriptBuildPhase;
			buildActionMask = 2147483647;
			files = (
			);
			inputPaths = (
				"${SRCROOT}/Pods/Target Support Files/Pods-LCChat/Pods-LCChat-frameworks.sh",
				"${BUILT_PRODUCTS_DIR}/AFNetworking/AFNetworking.framework",
				"${BUILT_PRODUCTS_DIR}/Masonry/Masonry.framework",
			);
			name = "[CP] Embed Pods Frameworks";
			outputPaths = (
				"${TARGET_BUILD_DIR}/${FRAMEWORKS_FOLDER_PATH}/AFNetworking.framework",
				"${TARGET_BUILD_DIR}/${FRAMEWORKS_FOLDER_PATH}/Masonry.framework",
			);
			runOnlyForDeploymentPostprocessing = 0;
			shellPath = /bin/sh;
			shellScript = "\"${SRCROOT}/Pods/Target Support Files/Pods-LCChat/Pods-LCChat-frameworks.sh\"\n";
			showEnvVarsInLog = 0;
		};
/* End PBXShellScriptBuildPhase section */

/* Begin PBXSourcesBuildPhase section */
		8DCCE1CE20EF4A7D002EA6AE /* Sources */ = {
			isa = PBXSourcesBuildPhase;
			buildActionMask = 2147483647;
			files = (
				8DCCE1DA20EF4A7D002EA6AE /* ViewController.m in Sources */,
				8DCCE1E520EF4A7D002EA6AE /* main.m in Sources */,
				8DCCE1D720EF4A7D002EA6AE /* AppDelegate.m in Sources */,
			);
			runOnlyForDeploymentPostprocessing = 0;
		};
/* End PBXSourcesBuildPhase section */

/* Begin PBXVariantGroup section */
		8DCCE1DB20EF4A7D002EA6AE /* Main.storyboard */ = {
			isa = PBXVariantGroup;
			children = (
				8DCCE1DC20EF4A7D002EA6AE /* Base */,
			);
			name = Main.storyboard;
			sourceTree = "<group>";
		};
		8DCCE1E020EF4A7D002EA6AE /* LaunchScreen.storyboard */ = {
			isa = PBXVariantGroup;
			children = (
				8DCCE1E120EF4A7D002EA6AE /* Base */,
			);
			name = LaunchScreen.storyboard;
			sourceTree = "<group>";
		};
/* End PBXVariantGroup section */

/* Begin XCBuildConfiguration section */
		8DCCE1E620EF4A7D002EA6AE /* Debug */ = {
			isa = XCBuildConfiguration;
			buildSettings = {
				ALWAYS_SEARCH_USER_PATHS = NO;
				CLANG_ANALYZER_NONNULL = YES;
				CLANG_ANALYZER_NUMBER_OBJECT_CONVERSION = YES_AGGRESSIVE;
				CLANG_CXX_LANGUAGE_STANDARD = "gnu++14";
				CLANG_CXX_LIBRARY = "libc++";
				CLANG_ENABLE_MODULES = YES;
				CLANG_ENABLE_OBJC_ARC = YES;
				CLANG_WARN_BLOCK_CAPTURE_AUTORELEASING = YES;
				CLANG_WARN_BOOL_CONVERSION = YES;
				CLANG_WARN_COMMA = YES;
				CLANG_WARN_CONSTANT_CONVERSION = YES;
				CLANG_WARN_DIRECT_OBJC_ISA_USAGE = YES_ERROR;
				CLANG_WARN_DOCUMENTATION_COMMENTS = YES;
				CLANG_WARN_EMPTY_BODY = YES;
				CLANG_WARN_ENUM_CONVERSION = YES;
				CLANG_WARN_INFINITE_RECURSION = YES;
				CLANG_WARN_INT_CONVERSION = YES;
				CLANG_WARN_NON_LITERAL_NULL_CONVERSION = YES;
				CLANG_WARN_OBJC_LITERAL_CONVERSION = YES;
				CLANG_WARN_OBJC_ROOT_CLASS = YES_ERROR;
				CLANG_WARN_RANGE_LOOP_ANALYSIS = YES;
				CLANG_WARN_STRICT_PROTOTYPES = YES;
				CLANG_WARN_SUSPICIOUS_MOVE = YES;
				CLANG_WARN_UNGUARDED_AVAILABILITY = YES_AGGRESSIVE;
				CLANG_WARN_UNREACHABLE_CODE = YES;
				CLANG_WARN__DUPLICATE_METHOD_MATCH = YES;
				CODE_SIGN_IDENTITY = "iPhone Developer";
				COPY_PHASE_STRIP = NO;
				DEBUG_INFORMATION_FORMAT = dwarf;
				ENABLE_STRICT_OBJC_MSGSEND = YES;
				ENABLE_TESTABILITY = YES;
				GCC_C_LANGUAGE_STANDARD = gnu11;
				GCC_DYNAMIC_NO_PIC = NO;
				GCC_NO_COMMON_BLOCKS = YES;
				GCC_OPTIMIZATION_LEVEL = 0;
				GCC_PREPROCESSOR_DEFINITIONS = (
					"DEBUG=1",
					"$(inherited)",
				);
				GCC_WARN_64_TO_32_BIT_CONVERSION = YES;
				GCC_WARN_ABOUT_RETURN_TYPE = YES_ERROR;
				GCC_WARN_UNDECLARED_SELECTOR = YES;
				GCC_WARN_UNINITIALIZED_AUTOS = YES_AGGRESSIVE;
				GCC_WARN_UNUSED_FUNCTION = YES;
				GCC_WARN_UNUSED_VARIABLE = YES;
				IPHONEOS_DEPLOYMENT_TARGET = 11.2;
				MTL_ENABLE_DEBUG_INFO = YES;
				ONLY_ACTIVE_ARCH = YES;
				SDKROOT = iphoneos;
			};
			name = Debug;
		};
		8DCCE1E720EF4A7D002EA6AE /* Release */ = {
			isa = XCBuildConfiguration;
			buildSettings = {
				ALWAYS_SEARCH_USER_PATHS = NO;
				CLANG_ANALYZER_NONNULL = YES;
				CLANG_ANALYZER_NUMBER_OBJECT_CONVERSION = YES_AGGRESSIVE;
				CLANG_CXX_LANGUAGE_STANDARD = "gnu++14";
				CLANG_CXX_LIBRARY = "libc++";
				CLANG_ENABLE_MODULES = YES;
				CLANG_ENABLE_OBJC_ARC = YES;
				CLANG_WARN_BLOCK_CAPTURE_AUTORELEASING = YES;
				CLANG_WARN_BOOL_CONVERSION = YES;
				CLANG_WARN_COMMA = YES;
				CLANG_WARN_CONSTANT_CONVERSION = YES;
				CLANG_WARN_DIRECT_OBJC_ISA_USAGE = YES_ERROR;
				CLANG_WARN_DOCUMENTATION_COMMENTS = YES;
				CLANG_WARN_EMPTY_BODY = YES;
				CLANG_WARN_ENUM_CONVERSION = YES;
				CLANG_WARN_INFINITE_RECURSION = YES;
				CLANG_WARN_INT_CONVERSION = YES;
				CLANG_WARN_NON_LITERAL_NULL_CONVERSION = YES;
				CLANG_WARN_OBJC_LITERAL_CONVERSION = YES;
				CLANG_WARN_OBJC_ROOT_CLASS = YES_ERROR;
				CLANG_WARN_RANGE_LOOP_ANALYSIS = YES;
				CLANG_WARN_STRICT_PROTOTYPES = YES;
				CLANG_WARN_SUSPICIOUS_MOVE = YES;
				CLANG_WARN_UNGUARDED_AVAILABILITY = YES_AGGRESSIVE;
				CLANG_WARN_UNREACHABLE_CODE = YES;
				CLANG_WARN__DUPLICATE_METHOD_MATCH = YES;
				CODE_SIGN_IDENTITY = "iPhone Developer";
				COPY_PHASE_STRIP = NO;
				DEBUG_INFORMATION_FORMAT = "dwarf-with-dsym";
				ENABLE_NS_ASSERTIONS = NO;
				ENABLE_STRICT_OBJC_MSGSEND = YES;
				GCC_C_LANGUAGE_STANDARD = gnu11;
				GCC_NO_COMMON_BLOCKS = YES;
				GCC_WARN_64_TO_32_BIT_CONVERSION = YES;
				GCC_WARN_ABOUT_RETURN_TYPE = YES_ERROR;
				GCC_WARN_UNDECLARED_SELECTOR = YES;
				GCC_WARN_UNINITIALIZED_AUTOS = YES_AGGRESSIVE;
				GCC_WARN_UNUSED_FUNCTION = YES;
				GCC_WARN_UNUSED_VARIABLE = YES;
				IPHONEOS_DEPLOYMENT_TARGET = 11.2;
				MTL_ENABLE_DEBUG_INFO = NO;
				SDKROOT = iphoneos;
				VALIDATE_PRODUCT = YES;
			};
			name = Release;
		};
		8DCCE1E920EF4A7D002EA6AE /* Debug */ = {
			isa = XCBuildConfiguration;
			baseConfigurationReference = 2C455441999205C5C0EF691A /* Pods-LCChat.debug.xcconfig */;
			buildSettings = {
				ASSETCATALOG_COMPILER_APPICON_NAME = AppIcon;
				CODE_SIGN_STYLE = Automatic;
				DEVELOPMENT_TEAM = JG8HG83X27;
				INFOPLIST_FILE = LCChat/Info.plist;
				IPHONEOS_DEPLOYMENT_TARGET = 8.0;
				LD_RUNPATH_SEARCH_PATHS = "$(inherited) @executable_path/Frameworks";
				PRODUCT_BUNDLE_IDENTIFIER = com.menglingchao.LCChat;
				PRODUCT_NAME = "$(TARGET_NAME)";
				TARGETED_DEVICE_FAMILY = "1,2";
			};
			name = Debug;
		};
		8DCCE1EA20EF4A7D002EA6AE /* Release */ = {
			isa = XCBuildConfiguration;
			baseConfigurationReference = 222E7765F6779176B9126516 /* Pods-LCChat.release.xcconfig */;
			buildSettings = {
				ASSETCATALOG_COMPILER_APPICON_NAME = AppIcon;
				CODE_SIGN_STYLE = Automatic;
				DEVELOPMENT_TEAM = JG8HG83X27;
				INFOPLIST_FILE = LCChat/Info.plist;
				IPHONEOS_DEPLOYMENT_TARGET = 8.0;
				LD_RUNPATH_SEARCH_PATHS = "$(inherited) @executable_path/Frameworks";
				PRODUCT_BUNDLE_IDENTIFIER = com.menglingchao.hehea;
				PRODUCT_NAME = "$(TARGET_NAME)";
				TARGETED_DEVICE_FAMILY = "1,2";
			};
			name = Release;
		};
/* End XCBuildConfiguration section */

/* Begin XCConfigurationList section */
		8DCCE1CD20EF4A7D002EA6AE /* Build configuration list for PBXProject "LCChat" */ = {
			isa = XCConfigurationList;
			buildConfigurations = (
				8DCCE1E620EF4A7D002EA6AE /* Debug */,
				8DCCE1E720EF4A7D002EA6AE /* Release */,
			);
			defaultConfigurationIsVisible = 0;
			defaultConfigurationName = Release;
		};
		8DCCE1E820EF4A7D002EA6AE /* Build configuration list for PBXNativeTarget "LCChat" */ = {
			isa = XCConfigurationList;
			buildConfigurations = (
				8DCCE1E920EF4A7D002EA6AE /* Debug */,
				8DCCE1EA20EF4A7D002EA6AE /* Release */,
			);
			defaultConfigurationIsVisible = 0;
			defaultConfigurationName = Release;
		};
/* End XCConfigurationList section */
	};
	rootObject = 8DCCE1CA20EF4A7D002EA6AE /* Project object */;
}
