PODS:
  - AFNetworking (3.2.1):
    - AFNetworking/NSURLSession (= 3.2.1)
    - AFNetworking/Reachability (= 3.2.1)
    - AFNetworking/Security (= 3.2.1)
    - AFNetworking/Serialization (= 3.2.1)
    - AFNetworking/UIKit (= 3.2.1)
  - AFNetworking/NSURLSession (3.2.1):
    - AFNetworking/Reachability
    - AFNetworking/Security
    - AFNetworking/Serialization
  - AFNetworking/Reachability (3.2.1)
  - AFNetworking/Security (3.2.1)
  - AFNetworking/Serialization (3.2.1)
  - AFNetworking/UIKit (3.2.1):
    - AFNetworking/NSURLSession
  - LCBase (0.1.0):
    - AFNetworking
    - Masonry
    - YYWebImage
  - LCChat (0.1.0):
    - AFNetworking
    - LCBase
    - LCMediator
    - Masonry
    - YYWebImage
  - LCMe (0.1.0):
    - AFNetworking
    - LCMediator
    - Masonry
    - YYWebImage
  - LCMediator (0.1.0):
    - AFNetworking
    - Masonry
  - LCMoment (0.1.0):
    - AFNetworking
    - LCMediator
    - Masonry
    - YYWebImage
  - LCShare (0.1.0):
    - AFNetworking
    - LCBase
    - LCMediator
    - Masonry
    - YYWebImage
  - LCUser (0.1.0):
    - AFNetworking
    - LCMediator
    - Masonry
  - LCWeb (0.1.0):
    - AFNetworking
    - LCMediator
    - Masonry
    - YYWebImage
  - Masonry (1.1.0)
  - YYCache (1.0.4)
  - YYImage (1.0.4):
    - YYImage/Core (= 1.0.4)
  - YYImage/Core (1.0.4)
  - YYWebImage (1.0.5):
    - YYCache
    - YYImage

DEPENDENCIES:
  - AFNetworking (= 3.2.1)
  - LCBase (from `../LCBase`)
  - LCChat (from `../LCChat`)
  - LCMe (from `../LCMe`)
  - LCMediator (from `../LCMediator`)
  - LCMoment (from `../LCMoment`)
  - LCShare (from `../LCShare`)
  - LCUser (from `../LCUser`)
  - LCWeb (from `../LCWeb`)
  - Masonry (= 1.1.0)
  - YYWebImage (= 1.0.5)

SPEC REPOS:
  https://github.com/CocoaPods/Specs.git:
    - AFNetworking
    - Masonry
    - YYCache
    - YYImage
    - YYWebImage

EXTERNAL SOURCES:
  LCBase:
    :path: "../LCBase"
  LCChat:
    :path: "../LCChat"
  LCMe:
    :path: "../LCMe"
  LCMediator:
    :path: "../LCMediator"
  LCMoment:
    :path: "../LCMoment"
  LCShare:
    :path: "../LCShare"
  LCUser:
    :path: "../LCUser"
  LCWeb:
    :path: "../LCWeb"

SPEC CHECKSUMS:
  AFNetworking: b6f891fdfaed196b46c7a83cf209e09697b94057
  LCBase: e6514459771276cfb071a690da6d7411ec9c4465
  LCChat: 080e9497378eef22aac8d171fc60e0aa97153441
  LCMe: caeb05132b5f16d1c3e1226191a28069ff2019a2
  LCMediator: 7d07db2be32c1579b0388394f87f3075c861d8d0
  LCMoment: 714d35eafc7defb0af64591ac9abf1acca571f36
  LCShare: 7945f3fe65ef13efa68d392b25d9164c7f3cd963
  LCUser: e8656e1bc3ea72ef9e0bae1ae4644bb14cec270d
  LCWeb: fa18a4a7aef2aa379ee61178b00a6d4345656483
  Masonry: 678fab65091a9290e40e2832a55e7ab731aad201
  YYCache: 8105b6638f5e849296c71f331ff83891a4942952
  YYImage: 1e1b62a9997399593e4b9c4ecfbbabbf1d3f3b54
  YYWebImage: 5f7f36aee2ae293f016d418c7d6ba05c4863e928

PODFILE CHECKSUM: 6f182fdcefff70cf122404b66670e31accdd1d6e

COCOAPODS: 1.5.0
