PODS:
  - AFNetworking (3.2.1):
    - AFNetworking/NSURLSession (= 3.2.1)
    - AFNetworking/Reachability (= 3.2.1)
    - AFNetworking/Security (= 3.2.1)
    - AFNetworking/Serialization (= 3.2.1)
    - AFNetworking/UIKit (= 3.2.1)
  - AFNetworking/NSURLSession (3.2.1):
    - AFNetworking/Reachability
    - AFNetworking/Security
    - AFNetworking/Serialization
  - AFNetworking/Reachability (3.2.1)
  - AFNetworking/Security (3.2.1)
  - AFNetworking/Serialization (3.2.1)
  - AFNetworking/UIKit (3.2.1):
    - AFNetworking/NSURLSession
  - LCBase (0.1.0):
    - AFNetworking (= 3.2.1)
    - LCMediator
    - Masonry (= 1.1.0)
    - YYWebImage (= 1.0.5)
  - LCChat (0.1.0):
    - LCBase
  - LCLaunch (0.1.0)
  - LCMe (0.1.0):
    - LCBase
  - LCMediator (0.1.0)
  - LCMoment (0.1.0):
    - LCBase
  - LCShare (0.1.0):
    - LCBase
  - LCUser (0.1.0):
    - LCMediator
  - LCWeb (0.1.0):
    - LCBase
  - Masonry (1.1.0)
  - YYCache (1.0.4)
  - YYImage (1.0.4):
    - YYImage/Core (= 1.0.4)
  - YYImage/Core (1.0.4)
  - YYWebImage (1.0.5):
    - YYCache
    - YYImage

DEPENDENCIES:
  - LCBase (from `../LCBase`)
  - LCChat (from `../LCChat`)
  - LCLaunch (from `../LCLaunch`)
  - LCMe (from `../LCMe`)
  - LCMediator (from `../LCMediator`)
  - LCMoment (from `../LCMoment`)
  - LCShare (from `../LCShare`)
  - LCUser (from `../LCUser`)
  - LCWeb (from `../LCWeb`)

SPEC REPOS:
  https://github.com/cocoapods/specs.git:
    - AFNetworking
    - Masonry
    - YYCache
    - YYImage
    - YYWebImage

EXTERNAL SOURCES:
  LCBase:
    :path: "../LCBase"
  LCChat:
    :path: "../LCChat"
  LCLaunch:
    :path: "../LCLaunch"
  LCMe:
    :path: "../LCMe"
  LCMediator:
    :path: "../LCMediator"
  LCMoment:
    :path: "../LCMoment"
  LCShare:
    :path: "../LCShare"
  LCUser:
    :path: "../LCUser"
  LCWeb:
    :path: "../LCWeb"

SPEC CHECKSUMS:
  AFNetworking: b6f891fdfaed196b46c7a83cf209e09697b94057
  LCBase: 8476cfbf987ebe2f70348f44f310bce20c1a3369
  LCChat: 38336ba90e8d054023510a673f03d80a5f7ef4d5
  LCLaunch: 7c2949ada6c814b69bd0dc30b48254ecba688196
  LCMe: e5fe4d724f90fe4baed5026f8e51fb22429bd8a8
  LCMediator: 3f83750a0fadd7de47df62932b2960bdc92ab621
  LCMoment: 818748402445b3eff2dd5195a1115074bf3d023e
  LCShare: 66e1abcf212de54dc2fcb3eb7c5886f15905f8d1
  LCUser: 6fcc7e4a50d519c5a3edc6f3341dbc32cab77e00
  LCWeb: 41f5932b203cfc401f72523c939517a5271adc73
  Masonry: 678fab65091a9290e40e2832a55e7ab731aad201
  YYCache: 8105b6638f5e849296c71f331ff83891a4942952
  YYImage: 1e1b62a9997399593e4b9c4ecfbbabbf1d3f3b54
  YYWebImage: 5f7f36aee2ae293f016d418c7d6ba05c4863e928

PODFILE CHECKSUM: fe90e93f0ba7a5e04bd5658eba033ba3a57252fa

COCOAPODS: 1.6.0
