PODS:
  - AFNetworking (3.2.1):
    - AFNetworking/NSURLSession (= 3.2.1)
    - AFNetworking/Reachability (= 3.2.1)
    - AFNetworking/Security (= 3.2.1)
    - AFNetworking/Serialization (= 3.2.1)
    - AFNetworking/UIKit (= 3.2.1)
  - AFNetworking/NSURLSession (3.2.1):
    - AFNetworking/Reachability
    - AFNetworking/Security
    - AFNetworking/Serialization
  - AFNetworking/Reachability (3.2.1)
  - AFNetworking/Security (3.2.1)
  - AFNetworking/Serialization (3.2.1)
  - AFNetworking/UIKit (3.2.1):
    - AFNetworking/NSURLSession
  - LCBase (0.1.0):
    - AFNetworking
    - Masonry
  - LCMediator (0.1.0):
    - AFNetworking
    - Masonry
  - LCUser (0.1.0):
    - AFNetworking
    - LCMediator
    - Masonry
  - Masonry (1.1.0)

DEPENDENCIES:
  - AFNetworking
  - LCBase (from `../../LCBase`)
  - LCMediator (from `../../LCMediator`)
  - LCUser (from `../`)
  - Masonry

SPEC REPOS:
  https://github.com/CocoaPods/Specs.git:
    - AFNetworking
    - Masonry

EXTERNAL SOURCES:
  LCBase:
    :path: "../../LCBase"
  LCMediator:
    :path: "../../LCMediator"
  LCUser:
    :path: "../"

SPEC CHECKSUMS:
  AFNetworking: b6f891fdfaed196b46c7a83cf209e09697b94057
  LCBase: 5a7fb5b662b054598aac7963542a5513d5faf40e
  LCMediator: 8ddb4a9170053d2b37101e6ffb2fd23ec7a0eee0
  LCUser: abc7c805c36001577c812a06e27aef233b02d729
  Masonry: 678fab65091a9290e40e2832a55e7ab731aad201

PODFILE CHECKSUM: 6e7593d36be554c5dee9aa7db58a5e4481ef2cdf

COCOAPODS: 1.5.0
