// !$*UTF8*$!
{
	archiveVersion = 1;
	classes = {
	};
	objectVersion = 48;
	objects = {

/* Begin PBXBuildFile section */
		6DFDED571B9A42B595D25017 /* Pods_LCLive.framework in Frameworks */ = {isa = PBXBuildFile; fileRef = A8E48980957E3F13FC3928C5 /* Pods_LCLive.framework */; };
		8DCCE1B520EF4A71002EA6AE /* AppDelegate.m in Sources */ = {isa = PBXBuildFile; fileRef = 8DCCE1B420EF4A71002EA6AE /* AppDelegate.m */; };
		8DCCE1B820EF4A71002EA6AE /* ViewController.m in Sources */ = {isa = PBXBuildFile; fileRef = 8DCCE1B720EF4A71002EA6AE /* ViewController.m */; };
		8DCCE1BB20EF4A71002EA6AE /* Main.storyboard in Resources */ = {isa = PBXBuildFile; fileRef = 8DCCE1B920EF4A71002EA6AE /* Main.storyboard */; };
		8DCCE1BD20EF4A71002EA6AE /* Assets.xcassets in Resources */ = {isa = PBXBuildFile; fileRef = 8DCCE1BC20EF4A71002EA6AE /* Assets.xcassets */; };
		8DCCE1C020EF4A71002EA6AE /* LaunchScreen.storyboard in Resources */ = {isa = PBXBuildFile; fileRef = 8DCCE1BE20EF4A71002EA6AE /* LaunchScreen.storyboard */; };
		8DCCE1C320EF4A71002EA6AE /* main.m in Sources */ = {isa = PBXBuildFile; fileRef = 8DCCE1C220EF4A71002EA6AE /* main.m */; };
/* End PBXBuildFile section */

/* Begin PBXFileReference section */
		725CA962572F272B81031B49 /* Pods-LCLive.release.xcconfig */ = {isa = PBXFileReference; includeInIndex = 1; lastKnownFileType = text.xcconfig; name = "Pods-LCLive.release.xcconfig"; path = "Pods/Target Support Files/Pods-LCLive/Pods-LCLive.release.xcconfig"; sourceTree = "<group>"; };
		8DCCE1B020EF4A71002EA6AE /* LCLive.app */ = {isa = PBXFileReference; explicitFileType = wrapper.application; includeInIndex = 0; path = LCLive.app; sourceTree = BUILT_PRODUCTS_DIR; };
		8DCCE1B320EF4A71002EA6AE /* AppDelegate.h */ = {isa = PBXFileReference; lastKnownFileType = sourcecode.c.h; path = AppDelegate.h; sourceTree = "<group>"; };
		8DCCE1B420EF4A71002EA6AE /* AppDelegate.m */ = {isa = PBXFileReference; lastKnownFileType = sourcecode.c.objc; path = AppDelegate.m; sourceTree = "<group>"; };
		8DCCE1B620EF4A71002EA6AE /* ViewController.h */ = {isa = PBXFileReference; lastKnownFileType = sourcecode.c.h; path = ViewController.h; sourceTree = "<group>"; };
		8DCCE1B720EF4A71002EA6AE /* ViewController.m */ = {isa = PBXFileReference; lastKnownFileType = sourcecode.c.objc; path = ViewController.m; sourceTree = "<group>"; };
		8DCCE1BA20EF4A71002EA6AE /* Base */ = {isa = PBXFileReference; lastKnownFileType = file.storyboard; name = Base; path = Base.lproj/Main.storyboard; sourceTree = "<group>"; };
		8DCCE1BC20EF4A71002EA6AE /* Assets.xcassets */ = {isa = PBXFileReference; lastKnownFileType = folder.assetcatalog; path = Assets.xcassets; sourceTree = "<group>"; };
		8DCCE1BF20EF4A71002EA6AE /* Base */ = {isa = PBXFileReference; lastKnownFileType = file.storyboard; name = Base; path = Base.lproj/LaunchScreen.storyboard; sourceTree = "<group>"; };
		8DCCE1C120EF4A71002EA6AE /* Info.plist */ = {isa = PBXFileReference; lastKnownFileType = text.plist.xml; path = Info.plist; sourceTree = "<group>"; };
		8DCCE1C220EF4A71002EA6AE /* main.m */ = {isa = PBXFileReference; lastKnownFileType = sourcecode.c.objc; path = main.m; sourceTree = "<group>"; };
		9D04F454560AD15B0F006D1E /* Pods-LCLive.debug.xcconfig */ = {isa = PBXFileReference; includeInIndex = 1; lastKnownFileType = text.xcconfig; name = "Pods-LCLive.debug.xcconfig"; path = "Pods/Target Support Files/Pods-LCLive/Pods-LCLive.debug.xcconfig"; sourceTree = "<group>"; };
		A8E48980957E3F13FC3928C5 /* Pods_LCLive.framework */ = {isa = PBXFileReference; explicitFileType = wrapper.framework; includeInIndex = 0; path = Pods_LCLive.framework; sourceTree = BUILT_PRODUCTS_DIR; };
/* End PBXFileReference section */

/* Begin PBXFrameworksBuildPhase section */
		8DCCE1AD20EF4A71002EA6AE /* Frameworks */ = {
			isa = PBXFrameworksBuildPhase;
			buildActionMask = 2147483647;
			files = (
				6DFDED571B9A42B595D25017 /* Pods_LCLive.framework in Frameworks */,
			);
			runOnlyForDeploymentPostprocessing = 0;
		};
/* End PBXFrameworksBuildPhase section */

/* Begin PBXGroup section */
		8B2B92A4F24A2E74A0BDF131 /* Frameworks */ = {
			isa = PBXGroup;
			children = (
				A8E48980957E3F13FC3928C5 /* Pods_LCLive.framework */,
			);
			name = Frameworks;
			sourceTree = "<group>";
		};
		8DCCE1A720EF4A71002EA6AE = {
			isa = PBXGroup;
			children = (
				8DCCE1B220EF4A71002EA6AE /* LCLive */,
				8DCCE1B120EF4A71002EA6AE /* Products */,
				C8EDE94536B6725076CD3DFC /* Pods */,
				8B2B92A4F24A2E74A0BDF131 /* Frameworks */,
			);
			sourceTree = "<group>";
		};
		8DCCE1B120EF4A71002EA6AE /* Products */ = {
			isa = PBXGroup;
			children = (
				8DCCE1B020EF4A71002EA6AE /* LCLive.app */,
			);
			name = Products;
			sourceTree = "<group>";
		};
		8DCCE1B220EF4A71002EA6AE /* LCLive */ = {
			isa = PBXGroup;
			children = (
				8DCCE1B320EF4A71002EA6AE /* AppDelegate.h */,
				8DCCE1B420EF4A71002EA6AE /* AppDelegate.m */,
				8DCCE1B620EF4A71002EA6AE /* ViewController.h */,
				8DCCE1B720EF4A71002EA6AE /* ViewController.m */,
				8DCCE1B920EF4A71002EA6AE /* Main.storyboard */,
				8DCCE1BC20EF4A71002EA6AE /* Assets.xcassets */,
				8DCCE1BE20EF4A71002EA6AE /* LaunchScreen.storyboard */,
				8DCCE1C120EF4A71002EA6AE /* Info.plist */,
				8DCCE1C220EF4A71002EA6AE /* main.m */,
			);
			path = LCLive;
			sourceTree = "<group>";
		};
		C8EDE94536B6725076CD3DFC /* Pods */ = {
			isa = PBXGroup;
			children = (
				9D04F454560AD15B0F006D1E /* Pods-LCLive.debug.xcconfig */,
				725CA962572F272B81031B49 /* Pods-LCLive.release.xcconfig */,
			);
			name = Pods;
			sourceTree = "<group>";
		};
/* End PBXGroup section */

/* Begin PBXNativeTarget section */
		8DCCE1AF20EF4A71002EA6AE /* LCLive */ = {
			isa = PBXNativeTarget;
			buildConfigurationList = 8DCCE1C620EF4A71002EA6AE /* Build configuration list for PBXNativeTarget "LCLive" */;
			buildPhases = (
				A9B249CFFB51BF52C885D156 /* [CP] Check Pods Manifest.lock */,
				8DCCE1AC20EF4A71002EA6AE /* Sources */,
				8DCCE1AD20EF4A71002EA6AE /* Frameworks */,
				8DCCE1AE20EF4A71002EA6AE /* Resources */,
				73EEEC6D8217A7FDEBA58FFC /* [CP] Embed Pods Frameworks */,
				AF652AB4A5E46BA1938B1C31 /* [CP] Copy Pods Resources */,
			);
			buildRules = (
			);
			dependencies = (
			);
			name = LCLive;
			productName = LCLive;
			productReference = 8DCCE1B020EF4A71002EA6AE /* LCLive.app */;
			productType = "com.apple.product-type.application";
		};
/* End PBXNativeTarget section */

/* Begin PBXProject section */
		8DCCE1A820EF4A71002EA6AE /* Project object */ = {
			isa = PBXProject;
			attributes = {
				LastUpgradeCheck = 0920;
				ORGANIZATIONNAME = MengLingChao;
				TargetAttributes = {
					8DCCE1AF20EF4A71002EA6AE = {
						CreatedOnToolsVersion = 9.2;
						ProvisioningStyle = Automatic;
					};
				};
			};
			buildConfigurationList = 8DCCE1AB20EF4A71002EA6AE /* Build configuration list for PBXProject "LCLive" */;
			compatibilityVersion = "Xcode 8.0";
			developmentRegion = en;
			hasScannedForEncodings = 0;
			knownRegions = (
				en,
				Base,
			);
			mainGroup = 8DCCE1A720EF4A71002EA6AE;
			productRefGroup = 8DCCE1B120EF4A71002EA6AE /* Products */;
			projectDirPath = "";
			projectRoot = "";
			targets = (
				8DCCE1AF20EF4A71002EA6AE /* LCLive */,
			);
		};
/* End PBXProject section */

/* Begin PBXResourcesBuildPhase section */
		8DCCE1AE20EF4A71002EA6AE /* Resources */ = {
			isa = PBXResourcesBuildPhase;
			buildActionMask = 2147483647;
			files = (
				8DCCE1C020EF4A71002EA6AE /* LaunchScreen.storyboard in Resources */,
				8DCCE1BD20EF4A71002EA6AE /* Assets.xcassets in Resources */,
				8DCCE1BB20EF4A71002EA6AE /* Main.storyboard in Resources */,
			);
			runOnlyForDeploymentPostprocessing = 0;
		};
/* End PBXResourcesBuildPhase section */

/* Begin PBXShellScriptBuildPhase section */
		73EEEC6D8217A7FDEBA58FFC /* [CP] Embed Pods Frameworks */ = {
			isa = PBXShellScriptBuildPhase;
			buildActionMask = 2147483647;
			files = (
			);
			inputPaths = (
				"${SRCROOT}/Pods/Target Support Files/Pods-LCLive/Pods-LCLive-frameworks.sh",
				"${BUILT_PRODUCTS_DIR}/AFNetworking/AFNetworking.framework",
				"${BUILT_PRODUCTS_DIR}/Masonry/Masonry.framework",
			);
			name = "[CP] Embed Pods Frameworks";
			outputPaths = (
				"${TARGET_BUILD_DIR}/${FRAMEWORKS_FOLDER_PATH}/AFNetworking.framework",
				"${TARGET_BUILD_DIR}/${FRAMEWORKS_FOLDER_PATH}/Masonry.framework",
			);
			runOnlyForDeploymentPostprocessing = 0;
			shellPath = /bin/sh;
			shellScript = "\"${SRCROOT}/Pods/Target Support Files/Pods-LCLive/Pods-LCLive-frameworks.sh\"\n";
			showEnvVarsInLog = 0;
		};
		A9B249CFFB51BF52C885D156 /* [CP] Check Pods Manifest.lock */ = {
			isa = PBXShellScriptBuildPhase;
			buildActionMask = 2147483647;
			files = (
			);
			inputPaths = (
				"${PODS_PODFILE_DIR_PATH}/Podfile.lock",
				"${PODS_ROOT}/Manifest.lock",
			);
			name = "[CP] Check Pods Manifest.lock";
			outputPaths = (
				"$(DERIVED_FILE_DIR)/Pods-LCLive-checkManifestLockResult.txt",
			);
			runOnlyForDeploymentPostprocessing = 0;
			shellPath = /bin/sh;
			shellScript = "diff \"${PODS_PODFILE_DIR_PATH}/Podfile.lock\" \"${PODS_ROOT}/Manifest.lock\" > /dev/null\nif [ $? != 0 ] ; then\n    # print error to STDERR\n    echo \"error: The sandbox is not in sync with the Podfile.lock. Run 'pod install' or update your CocoaPods installation.\" >&2\n    exit 1\nfi\n# This output is used by Xcode 'outputs' to avoid re-running this script phase.\necho \"SUCCESS\" > \"${SCRIPT_OUTPUT_FILE_0}\"\n";
			showEnvVarsInLog = 0;
		};
		AF652AB4A5E46BA1938B1C31 /* [CP] Copy Pods Resources */ = {
			isa = PBXShellScriptBuildPhase;
			buildActionMask = 2147483647;
			files = (
			);
			inputPaths = (
				"${SRCROOT}/Pods/Target Support Files/Pods-LCLive/Pods-LCLive-resources.sh",
				"${PODS_CONFIGURATION_BUILD_DIR}/LCBase/LCBase.bundle",
				"${PODS_CONFIGURATION_BUILD_DIR}/LCChat/LCChat.bundle",
				"${PODS_CONFIGURATION_BUILD_DIR}/LCMe/LCMe.bundle",
				"${PODS_CONFIGURATION_BUILD_DIR}/LCMediator/LCMediator.bundle",
				"${PODS_CONFIGURATION_BUILD_DIR}/LCMoment/LCMoment.bundle",
				"${PODS_CONFIGURATION_BUILD_DIR}/LCUser/LCUser.bundle",
				"${PODS_CONFIGURATION_BUILD_DIR}/LCWeb/LCWeb.bundle",
			);
			name = "[CP] Copy Pods Resources";
			outputPaths = (
				"${TARGET_BUILD_DIR}/${UNLOCALIZED_RESOURCES_FOLDER_PATH}/LCBase.bundle",
				"${TARGET_BUILD_DIR}/${UNLOCALIZED_RESOURCES_FOLDER_PATH}/LCChat.bundle",
				"${TARGET_BUILD_DIR}/${UNLOCALIZED_RESOURCES_FOLDER_PATH}/LCMe.bundle",
				"${TARGET_BUILD_DIR}/${UNLOCALIZED_RESOURCES_FOLDER_PATH}/LCMediator.bundle",
				"${TARGET_BUILD_DIR}/${UNLOCALIZED_RESOURCES_FOLDER_PATH}/LCMoment.bundle",
				"${TARGET_BUILD_DIR}/${UNLOCALIZED_RESOURCES_FOLDER_PATH}/LCUser.bundle",
				"${TARGET_BUILD_DIR}/${UNLOCALIZED_RESOURCES_FOLDER_PATH}/LCWeb.bundle",
			);
			runOnlyForDeploymentPostprocessing = 0;
			shellPath = /bin/sh;
			shellScript = "\"${SRCROOT}/Pods/Target Support Files/Pods-LCLive/Pods-LCLive-resources.sh\"\n";
			showEnvVarsInLog = 0;
		};
/* End PBXShellScriptBuildPhase section */

/* Begin PBXSourcesBuildPhase section */
		8DCCE1AC20EF4A71002EA6AE /* Sources */ = {
			isa = PBXSourcesBuildPhase;
			buildActionMask = 2147483647;
			files = (
				8DCCE1B820EF4A71002EA6AE /* ViewController.m in Sources */,
				8DCCE1C320EF4A71002EA6AE /* main.m in Sources */,
				8DCCE1B520EF4A71002EA6AE /* AppDelegate.m in Sources */,
			);
			runOnlyForDeploymentPostprocessing = 0;
		};
/* End PBXSourcesBuildPhase section */

/* Begin PBXVariantGroup section */
		8DCCE1B920EF4A71002EA6AE /* Main.storyboard */ = {
			isa = PBXVariantGroup;
			children = (
				8DCCE1BA20EF4A71002EA6AE /* Base */,
			);
			name = Main.storyboard;
			sourceTree = "<group>";
		};
		8DCCE1BE20EF4A71002EA6AE /* LaunchScreen.storyboard */ = {
			isa = PBXVariantGroup;
			children = (
				8DCCE1BF20EF4A71002EA6AE /* Base */,
			);
			name = LaunchScreen.storyboard;
			sourceTree = "<group>";
		};
/* End PBXVariantGroup section */

/* Begin XCBuildConfiguration section */
		8DCCE1C420EF4A71002EA6AE /* Debug */ = {
			isa = XCBuildConfiguration;
			buildSettings = {
				ALWAYS_SEARCH_USER_PATHS = NO;
				CLANG_ANALYZER_NONNULL = YES;
				CLANG_ANALYZER_NUMBER_OBJECT_CONVERSION = YES_AGGRESSIVE;
				CLANG_CXX_LANGUAGE_STANDARD = "gnu++14";
				CLANG_CXX_LIBRARY = "libc++";
				CLANG_ENABLE_MODULES = YES;
				CLANG_ENABLE_OBJC_ARC = YES;
				CLANG_WARN_BLOCK_CAPTURE_AUTORELEASING = YES;
				CLANG_WARN_BOOL_CONVERSION = YES;
				CLANG_WARN_COMMA = YES;
				CLANG_WARN_CONSTANT_CONVERSION = YES;
				CLANG_WARN_DIRECT_OBJC_ISA_USAGE = YES_ERROR;
				CLANG_WARN_DOCUMENTATION_COMMENTS = YES;
				CLANG_WARN_EMPTY_BODY = YES;
				CLANG_WARN_ENUM_CONVERSION = YES;
				CLANG_WARN_INFINITE_RECURSION = YES;
				CLANG_WARN_INT_CONVERSION = YES;
				CLANG_WARN_NON_LITERAL_NULL_CONVERSION = YES;
				CLANG_WARN_OBJC_LITERAL_CONVERSION = YES;
				CLANG_WARN_OBJC_ROOT_CLASS = YES_ERROR;
				CLANG_WARN_RANGE_LOOP_ANALYSIS = YES;
				CLANG_WARN_STRICT_PROTOTYPES = YES;
				CLANG_WARN_SUSPICIOUS_MOVE = YES;
				CLANG_WARN_UNGUARDED_AVAILABILITY = YES_AGGRESSIVE;
				CLANG_WARN_UNREACHABLE_CODE = YES;
				CLANG_WARN__DUPLICATE_METHOD_MATCH = YES;
				CODE_SIGN_IDENTITY = "iPhone Developer";
				COPY_PHASE_STRIP = NO;
				DEBUG_INFORMATION_FORMAT = dwarf;
				ENABLE_STRICT_OBJC_MSGSEND = YES;
				ENABLE_TESTABILITY = YES;
				GCC_C_LANGUAGE_STANDARD = gnu11;
				GCC_DYNAMIC_NO_PIC = NO;
				GCC_NO_COMMON_BLOCKS = YES;
				GCC_OPTIMIZATION_LEVEL = 0;
				GCC_PREPROCESSOR_DEFINITIONS = (
					"DEBUG=1",
					"$(inherited)",
				);
				GCC_WARN_64_TO_32_BIT_CONVERSION = YES;
				GCC_WARN_ABOUT_RETURN_TYPE = YES_ERROR;
				GCC_WARN_UNDECLARED_SELECTOR = YES;
				GCC_WARN_UNINITIALIZED_AUTOS = YES_AGGRESSIVE;
				GCC_WARN_UNUSED_FUNCTION = YES;
				GCC_WARN_UNUSED_VARIABLE = YES;
				IPHONEOS_DEPLOYMENT_TARGET = 11.2;
				MTL_ENABLE_DEBUG_INFO = YES;
				ONLY_ACTIVE_ARCH = YES;
				SDKROOT = iphoneos;
			};
			name = Debug;
		};
		8DCCE1C520EF4A71002EA6AE /* Release */ = {
			isa = XCBuildConfiguration;
			buildSettings = {
				ALWAYS_SEARCH_USER_PATHS = NO;
				CLANG_ANALYZER_NONNULL = YES;
				CLANG_ANALYZER_NUMBER_OBJECT_CONVERSION = YES_AGGRESSIVE;
				CLANG_CXX_LANGUAGE_STANDARD = "gnu++14";
				CLANG_CXX_LIBRARY = "libc++";
				CLANG_ENABLE_MODULES = YES;
				CLANG_ENABLE_OBJC_ARC = YES;
				CLANG_WARN_BLOCK_CAPTURE_AUTORELEASING = YES;
				CLANG_WARN_BOOL_CONVERSION = YES;
				CLANG_WARN_COMMA = YES;
				CLANG_WARN_CONSTANT_CONVERSION = YES;
				CLANG_WARN_DIRECT_OBJC_ISA_USAGE = YES_ERROR;
				CLANG_WARN_DOCUMENTATION_COMMENTS = YES;
				CLANG_WARN_EMPTY_BODY = YES;
				CLANG_WARN_ENUM_CONVERSION = YES;
				CLANG_WARN_INFINITE_RECURSION = YES;
				CLANG_WARN_INT_CONVERSION = YES;
				CLANG_WARN_NON_LITERAL_NULL_CONVERSION = YES;
				CLANG_WARN_OBJC_LITERAL_CONVERSION = YES;
				CLANG_WARN_OBJC_ROOT_CLASS = YES_ERROR;
				CLANG_WARN_RANGE_LOOP_ANALYSIS = YES;
				CLANG_WARN_STRICT_PROTOTYPES = YES;
				CLANG_WARN_SUSPICIOUS_MOVE = YES;
				CLANG_WARN_UNGUARDED_AVAILABILITY = YES_AGGRESSIVE;
				CLANG_WARN_UNREACHABLE_CODE = YES;
				CLANG_WARN__DUPLICATE_METHOD_MATCH = YES;
				CODE_SIGN_IDENTITY = "iPhone Developer";
				COPY_PHASE_STRIP = NO;
				DEBUG_INFORMATION_FORMAT = "dwarf-with-dsym";
				ENABLE_NS_ASSERTIONS = NO;
				ENABLE_STRICT_OBJC_MSGSEND = YES;
				GCC_C_LANGUAGE_STANDARD = gnu11;
				GCC_NO_COMMON_BLOCKS = YES;
				GCC_WARN_64_TO_32_BIT_CONVERSION = YES;
				GCC_WARN_ABOUT_RETURN_TYPE = YES_ERROR;
				GCC_WARN_UNDECLARED_SELECTOR = YES;
				GCC_WARN_UNINITIALIZED_AUTOS = YES_AGGRESSIVE;
				GCC_WARN_UNUSED_FUNCTION = YES;
				GCC_WARN_UNUSED_VARIABLE = YES;
				IPHONEOS_DEPLOYMENT_TARGET = 11.2;
				MTL_ENABLE_DEBUG_INFO = NO;
				SDKROOT = iphoneos;
				VALIDATE_PRODUCT = YES;
			};
			name = Release;
		};
		8DCCE1C720EF4A71002EA6AE /* Debug */ = {
			isa = XCBuildConfiguration;
			baseConfigurationReference = 9D04F454560AD15B0F006D1E /* Pods-LCLive.debug.xcconfig */;
			buildSettings = {
				ASSETCATALOG_COMPILER_APPICON_NAME = AppIcon;
				CODE_SIGN_STYLE = Automatic;
				DEVELOPMENT_TEAM = JG8HG83X27;
				INFOPLIST_FILE = LCLive/Info.plist;
				IPHONEOS_DEPLOYMENT_TARGET = 8.0;
				LD_RUNPATH_SEARCH_PATHS = "$(inherited) @executable_path/Frameworks";
				PRODUCT_BUNDLE_IDENTIFIER = com.menglingchao.LCLive;
				PRODUCT_NAME = "$(TARGET_NAME)";
				TARGETED_DEVICE_FAMILY = "1,2";
			};
			name = Debug;
		};
		8DCCE1C820EF4A71002EA6AE /* Release */ = {
			isa = XCBuildConfiguration;
			baseConfigurationReference = 725CA962572F272B81031B49 /* Pods-LCLive.release.xcconfig */;
			buildSettings = {
				ASSETCATALOG_COMPILER_APPICON_NAME = AppIcon;
				CODE_SIGN_STYLE = Automatic;
				DEVELOPMENT_TEAM = JG8HG83X27;
				INFOPLIST_FILE = LCLive/Info.plist;
				IPHONEOS_DEPLOYMENT_TARGET = 8.0;
				LD_RUNPATH_SEARCH_PATHS = "$(inherited) @executable_path/Frameworks";
				PRODUCT_BUNDLE_IDENTIFIER = com.menglingchao.LCLive;
				PRODUCT_NAME = "$(TARGET_NAME)";
				TARGETED_DEVICE_FAMILY = "1,2";
			};
			name = Release;
		};
/* End XCBuildConfiguration section */

/* Begin XCConfigurationList section */
		8DCCE1AB20EF4A71002EA6AE /* Build configuration list for PBXProject "LCLive" */ = {
			isa = XCConfigurationList;
			buildConfigurations = (
				8DCCE1C420EF4A71002EA6AE /* Debug */,
				8DCCE1C520EF4A71002EA6AE /* Release */,
			);
			defaultConfigurationIsVisible = 0;
			defaultConfigurationName = Release;
		};
		8DCCE1C620EF4A71002EA6AE /* Build configuration list for PBXNativeTarget "LCLive" */ = {
			isa = XCConfigurationList;
			buildConfigurations = (
				8DCCE1C720EF4A71002EA6AE /* Debug */,
				8DCCE1C820EF4A71002EA6AE /* Release */,
			);
			defaultConfigurationIsVisible = 0;
			defaultConfigurationName = Release;
		};
/* End XCConfigurationList section */
	};
	rootObject = 8DCCE1A820EF4A71002EA6AE /* Project object */;
}
