PODS:
  - AFNetworking (3.2.1):
    - AFNetworking/NSURLSession (= 3.2.1)
    - AFNetworking/Reachability (= 3.2.1)
    - AFNetworking/Security (= 3.2.1)
    - AFNetworking/Serialization (= 3.2.1)
    - AFNetworking/UIKit (= 3.2.1)
  - AFNetworking/NSURLSession (3.2.1):
    - AFNetworking/Reachability
    - AFNetworking/Security
    - AFNetworking/Serialization
  - AFNetworking/Reachability (3.2.1)
  - AFNetworking/Security (3.2.1)
  - AFNetworking/Serialization (3.2.1)
  - AFNetworking/UIKit (3.2.1):
    - AFNetworking/NSURLSession
  - LCBase (0.1.0):
    - AFNetworking
    - Masonry
  - LCMediator (0.1.0):
    - AFNetworking
    - Masonry
  - LCWeb (0.1.0):
    - AFNetworking
    - LCMediator
    - Masonry
  - Masonry (1.1.0)

DEPENDENCIES:
  - AFNetworking
  - LCBase (from `../../LCBase`)
  - LCMediator (from `../../LCMediator`)
  - LCWeb (from `../`)
  - Masonry

SPEC REPOS:
  https://github.com/CocoaPods/Specs.git:
    - AFNetworking
    - Masonry

EXTERNAL SOURCES:
  LCBase:
    :path: "../../LCBase"
  LCMediator:
    :path: "../../LCMediator"
  LCWeb:
    :path: "../"

SPEC CHECKSUMS:
  AFNetworking: b6f891fdfaed196b46c7a83cf209e09697b94057
  LCBase: 5a7fb5b662b054598aac7963542a5513d5faf40e
  LCMediator: d2c866e5b3834c1572dd55fe3e7878c20ade82a2
  LCWeb: 22fe26117bdffaf549b4896078c6681a39875161
  Masonry: 678fab65091a9290e40e2832a55e7ab731aad201

PODFILE CHECKSUM: a08ad663a7144f91e761bb5b4757e51019d9e4d5

COCOAPODS: 1.5.0
